
Microsoft Visual Studio Solution File, Format Version 12.00
# Visual Studio Version 16
VisualStudioVersion = 16.0.31729.503
MinimumVisualStudioVersion = 10.0.40219.1
Project("{FAE04EC0-301F-11D3-BF4B-00C04F79EFBC}") = "Melissa_Scott_9189_IPG521_FA1_Final", "Melissa_Scott_9189_IPG521_FA1_Final.csproj", "{95733DE7-52E0-4FE3-BC38-750BB90AFE8D}"
EndProject
Global
	GlobalSection(SolutionConfigurationPlatforms) = preSolution
		Debug|Any CPU = Debug|Any CPU
		Release|Any CPU = Release|Any CPU
	EndGlobalSection
	GlobalSection(ProjectConfigurationPlatforms) = postSolution
		{95733DE7-52E0-4FE3-BC38-750BB90AFE8D}.Debug|Any CPU.ActiveCfg = Debug|Any CPU
		{95733DE7-52E0-4FE3-BC38-750BB90AFE8D}.Debug|Any CPU.Build.0 = Debug|Any CPU
		{95733DE7-52E0-4FE3-BC38-750BB90AFE8D}.Release|Any CPU.ActiveCfg = Release|Any CPU
		{95733DE7-52E0-4FE3-BC38-750BB90AFE8D}.Release|Any CPU.Build.0 = Release|Any CPU
	EndGlobalSection
	GlobalSection(SolutionProperties) = preSolution
		HideSolutionNode = FALSE
	EndGlobalSection
	GlobalSection(ExtensibilityGlobals) = postSolution
		SolutionGuid = {AE01D9D7-4D19-42B3-A49A-D6228D8922C0}
	EndGlobalSection
EndGlobal
